
Microsoft Visual Studio Solution File, Format Version 12.00
Project("{FAE04EC0-301F-11D3-BF4B-00C04F79EFBC}") = "DougMurphy.Templates.NuGetPackage", "DougMurphy.Templates.NuGetPackage\DougMurphy.Templates.NuGetPackage.csproj", "{B49267FD-7961-413C-9779-304DC2D4E23E}"
EndProject
Global
	GlobalSection(SolutionConfigurationPlatforms) = preSolution
		Debug|Any CPU = Debug|Any CPU
		Release|Any CPU = Release|Any CPU
	EndGlobalSection
	GlobalSection(ProjectConfigurationPlatforms) = postSolution
		{B49267FD-7961-413C-9779-304DC2D4E23E}.Debug|Any CPU.ActiveCfg = Debug|Any CPU
		{B49267FD-7961-413C-9779-304DC2D4E23E}.Debug|Any CPU.Build.0 = Debug|Any CPU
		{B49267FD-7961-413C-9779-304DC2D4E23E}.Release|Any CPU.ActiveCfg = Release|Any CPU
		{B49267FD-7961-413C-9779-304DC2D4E23E}.Release|Any CPU.Build.0 = Release|Any CPU
	EndGlobalSection
EndGlobal
